
Microsoft Visual Studio Solution File, Format Version 12.00
# Visual Studio Version 16
VisualStudioVersion = 16.0.31129.286
MinimumVisualStudioVersion = 10.0.40219.1
Project("{FAE04EC0-301F-11D3-BF4B-00C04F79EFBC}") = "snake", "snake\snake.csproj", "{3D8CA258-E2B3-4775-8688-3A4366D43305}"
EndProject
Global
	GlobalSection(SolutionConfigurationPlatforms) = preSolution
		Debug|Any CPU = Debug|Any CPU
		Release|Any CPU = Release|Any CPU
	EndGlobalSection
	GlobalSection(ProjectConfigurationPlatforms) = postSolution
		{3D8CA258-E2B3-4775-8688-3A4366D43305}.Debug|Any CPU.ActiveCfg = Debug|Any CPU
		{3D8CA258-E2B3-4775-8688-3A4366D43305}.Debug|Any CPU.Build.0 = Debug|Any CPU
		{3D8CA258-E2B3-4775-8688-3A4366D43305}.Release|Any CPU.ActiveCfg = Release|Any CPU
		{3D8CA258-E2B3-4775-8688-3A4366D43305}.Release|Any CPU.Build.0 = Release|Any CPU
	EndGlobalSection
	GlobalSection(SolutionProperties) = preSolution
		HideSolutionNode = FALSE
	EndGlobalSection
	GlobalSection(ExtensibilityGlobals) = postSolution
		SolutionGuid = {DE50A562-39C0-4AFF-88C1-25FE4F793A71}
	EndGlobalSection
EndGlobal
